
Microsoft Visual Studio Solution File, Format Version 12.00
# Visual Studio Version 17
VisualStudioVersion = 17.2.32526.322
MinimumVisualStudioVersion = 10.0.40219.1
Project("{FAE04EC0-301F-11D3-BF4B-00C04F79EFBC}") = "LeaveManagement", "LeaveManagement\LeaveManagement.csproj", "{F44AA55A-4B88-4753-B9B5-0C97441E7843}"
EndProject
Global
	GlobalSection(SolutionConfigurationPlatforms) = preSolution
		Debug|Any CPU = Debug|Any CPU
		Release|Any CPU = Release|Any CPU
	EndGlobalSection
	GlobalSection(ProjectConfigurationPlatforms) = postSolution
		{F44AA55A-4B88-4753-B9B5-0C97441E7843}.Debug|Any CPU.ActiveCfg = Debug|Any CPU
		{F44AA55A-4B88-4753-B9B5-0C97441E7843}.Debug|Any CPU.Build.0 = Debug|Any CPU
		{F44AA55A-4B88-4753-B9B5-0C97441E7843}.Release|Any CPU.ActiveCfg = Release|Any CPU
		{F44AA55A-4B88-4753-B9B5-0C97441E7843}.Release|Any CPU.Build.0 = Release|Any CPU
	EndGlobalSection
	GlobalSection(SolutionProperties) = preSolution
		HideSolutionNode = FALSE
	EndGlobalSection
	GlobalSection(ExtensibilityGlobals) = postSolution
		SolutionGuid = {BD62F304-AEA9-4E56-B573-56AD90411641}
	EndGlobalSection
EndGlobal
